{
  "requires": true,
  "lockfileVersion": 1,
  "dependencies": {
    "async-validator": {
      "version": "3.3.0",
      "resolved": "https://registry.npm.taobao.org/async-validator/download/async-validator-3.3.0.tgz",
      "integrity": "sha1-HZIZO75g1tbIskZpLHAF6e0UqO4="
    },
    "batch-processor": {
      "version": "1.0.0",
      "resolved": "https://registry.npm.taobao.org/batch-processor/download/batch-processor-1.0.0.tgz",
      "integrity": "sha1-dclcMrdI4IUNEMKxaPa9vpiRrOg="
    },
    "deepmerge": {
      "version": "2.2.1",
      "resolved": "https://registry.npm.taobao.org/deepmerge/download/deepmerge-2.2.1.tgz",
      "integrity": "sha1-XT/yKgHAD2RUBaL7wX0HeKGAEXA="
    },
    "element-resize-detector": {
      "version": "1.2.1",
      "resolved": "https://registry.npm.taobao.org/element-resize-detector/download/element-resize-detector-1.2.1.tgz",
      "integrity": "sha1-sDBRlER6SGMVXljxMyOgrvMIUdE=",
      "requires": {
        "batch-processor": "1.0.0"
      }
    },
    "js-calendar": {
      "version": "1.2.3",
      "resolved": "https://registry.npm.taobao.org/js-calendar/download/js-calendar-1.2.3.tgz",
      "integrity": "sha1-pYOwZEtOaVujlPNE0QPbzHp6fT4="
    },
    "lodash.throttle": {
      "version": "4.1.1",
      "resolved": "https://registry.npm.taobao.org/lodash.throttle/download/lodash.throttle-4.1.1.tgz",
      "integrity": "sha1-wj6RtxAkKscMN/HhzaknTMOb8vQ="
    },
    "popper.js": {
      "version": "1.16.1",
      "resolved": "https://registry.npm.taobao.org/popper.js/download/popper.js-1.16.1.tgz",
      "integrity": "sha1-KiI8s9x7YhPXQOQDcr5A3kPmWxs="
    },
    "tinycolor2": {
      "version": "1.4.1",
      "resolved": "https://registry.npm.taobao.org/tinycolor2/download/tinycolor2-1.4.1.tgz",
      "integrity": "sha1-9PrTM0R7wLB9TcjpIJ2POaisd+g="
    },
    "v-click-outside-x": {
      "version": "3.7.1",
      "resolved": "https://registry.npm.taobao.org/v-click-outside-x/download/v-click-outside-x-3.7.1.tgz",
      "integrity": "sha1-qgPqoOQeRMtSB9z4bC2fDdZAhME="
    },
    "view-design": {
      "version": "4.3.2",
      "resolved": "https://registry.npm.taobao.org/view-design/download/view-design-4.3.2.tgz",
      "integrity": "sha1-bwgcZzt3QgObs4o6UZOO+rtg0KI=",
      "requires": {
        "async-validator": "^3.3.0",
        "deepmerge": "^2.2.1",
        "element-resize-detector": "^1.2.0",
        "js-calendar": "^1.2.3",
        "lodash.throttle": "^4.1.1",
        "popper.js": "^1.14.6",
        "tinycolor2": "^1.4.1",
        "v-click-outside-x": "^3.7.1"
      }
    },
    "vue": {
      "version": "2.6.11",
      "resolved": "https://registry.npm.taobao.org/vue/download/vue-2.6.11.tgz",
      "integrity": "sha1-dllNh31LEiNEBuhONSdcbVFBJcU="
    }
  }
}
